
Microsoft Visual Studio Solution File, Format Version 12.00
# Visual Studio Version 17
VisualStudioVersion = 17.6.33815.320
MinimumVisualStudioVersion = 10.0.40219.1
Project("{FAE04EC0-301F-11D3-BF4B-00C04F79EFBC}") = "spitfire_", "spitfire_\spitfire_.csproj", "{009C3B6F-6CD8-4CCB-ADEA-9A5B6A250E82}"
EndProject
Global
	GlobalSection(SolutionConfigurationPlatforms) = preSolution
		Debug|Any CPU = Debug|Any CPU
		Release|Any CPU = Release|Any CPU
	EndGlobalSection
	GlobalSection(ProjectConfigurationPlatforms) = postSolution
		{009C3B6F-6CD8-4CCB-ADEA-9A5B6A250E82}.Debug|Any CPU.ActiveCfg = Debug|Any CPU
		{009C3B6F-6CD8-4CCB-ADEA-9A5B6A250E82}.Debug|Any CPU.Build.0 = Debug|Any CPU
		{009C3B6F-6CD8-4CCB-ADEA-9A5B6A250E82}.Release|Any CPU.ActiveCfg = Release|Any CPU
		{009C3B6F-6CD8-4CCB-ADEA-9A5B6A250E82}.Release|Any CPU.Build.0 = Release|Any CPU
	EndGlobalSection
	GlobalSection(SolutionProperties) = preSolution
		HideSolutionNode = FALSE
	EndGlobalSection
	GlobalSection(ExtensibilityGlobals) = postSolution
		SolutionGuid = {50A99279-D095-41E7-A500-911E80D25726}
	EndGlobalSection
EndGlobal
